{
 "name": "jivaros",
 "version": "1.0.0",
 "lockfileVersion": 2,
 "requires": true,
 "packages": {
  "": {
   "name": "jivaros",
   "version": "1.0.0",
   "license": "ISC",
   "workspaces": [
    "packages/*"
   ]
  },
  "node_modules/@jivaros/functions": {
   "resolved": "packages/functions",
   "link": true
  },
  "node_modules/@jivaros/ui": {
   "resolved": "packages/ui",
   "link": true
  },
  "packages/functions": {
   "name": "@jivaros/functions",
   "version": "1.0.0",
   "license": "ISC"
  },
  "packages/ui": {
   "name": "@jivaros/ui",
   "version": "1.0.0",
   "license": "ISC",
   "dependencies": {
    "@jivaros/functions": "1.0.0"
   }
  }
 },
 "dependencies": {
  "@jivaros/functions": {
   "version": "file:packages/functions"
  },
  "@jivaros/ui": {
   "version": "file:packages/ui",
   "requires": {
    "@jivaros/functions": "1.0.0"
   }
  }
 }
}
